
Microsoft Visual Studio Solution File, Format Version 12.00
# Visual Studio 14
VisualStudioVersion = 14.0.24720.0
MinimumVisualStudioVersion = 10.0.40219.1
Project("{FAE04EC0-301F-11D3-BF4B-00C04F79EFBC}") = "SentinelOneNotificationService", "SentinelOneNotificationService\SentinelOneNotificationService.csproj", "{4D9F58CE-A9D2-4885-9A7F-43F5119C5064}"
EndProject
Project("{54435603-DBB4-11D2-8724-00A0C9A8B90C}") = "Setup SentinelOne Notification Service", "Setup SentinelOne Notification Service\Setup SentinelOne Notification Service.vdproj", "{0D574CC1-97B5-4B4B-9E8D-9F9704649213}"
EndProject
Global
	GlobalSection(SolutionConfigurationPlatforms) = preSolution
		Debug|Any CPU = Debug|Any CPU
		Release|Any CPU = Release|Any CPU
	EndGlobalSection
	GlobalSection(ProjectConfigurationPlatforms) = postSolution
		{4D9F58CE-A9D2-4885-9A7F-43F5119C5064}.Debug|Any CPU.ActiveCfg = Debug|Any CPU
		{4D9F58CE-A9D2-4885-9A7F-43F5119C5064}.Debug|Any CPU.Build.0 = Debug|Any CPU
		{4D9F58CE-A9D2-4885-9A7F-43F5119C5064}.Release|Any CPU.ActiveCfg = Release|Any CPU
		{4D9F58CE-A9D2-4885-9A7F-43F5119C5064}.Release|Any CPU.Build.0 = Release|Any CPU
		{0D574CC1-97B5-4B4B-9E8D-9F9704649213}.Debug|Any CPU.ActiveCfg = Debug
		{0D574CC1-97B5-4B4B-9E8D-9F9704649213}.Release|Any CPU.ActiveCfg = Release
	EndGlobalSection
	GlobalSection(SolutionProperties) = preSolution
		HideSolutionNode = FALSE
	EndGlobalSection
EndGlobal
